
Microsoft Visual Studio Solution File, Format Version 12.00
# Visual Studio 15
VisualStudioVersion = 15.0.26124.0
MinimumVisualStudioVersion = 15.0.26124.0
Project("{9A19103F-16F7-4668-BE54-9A1E7A4F7556}") = "R5T.Lockerbie.Database.Construction", "R5T.Lockerbie.Database.Construction\R5T.Lockerbie.Database.Construction.csproj", "{00000545-C9AE-469A-97B0-42FAA2AADAEC}"
EndProject
Project("{9A19103F-16F7-4668-BE54-9A1E7A4F7556}") = "R5T.Lockerbie.Database", "R5T.Lockerbie.Database\R5T.Lockerbie.Database.csproj", "{B7E8FB9A-3BA1-421C-AB4D-5704A0A537DC}"
EndProject
Project("{9A19103F-16F7-4668-BE54-9A1E7A4F7556}") = "R5T.Lockerbie.Database.Testing", "R5T.Lockerbie.Database.Testing\R5T.Lockerbie.Database.Testing.csproj", "{0C4DDA81-0DF4-4C29-B32E-92E2014A54E1}"
EndProject
Project("{9A19103F-16F7-4668-BE54-9A1E7A4F7556}") = "R5T.Lockerbie.Base", "..\..\R5T.Lockerbie.Base\source\R5T.Lockerbie.Base\R5T.Lockerbie.Base.csproj", "{DD87BC8C-2F0E-46B4-A997-49C1276613F3}"
EndProject
Project("{2150E333-8FDC-42A3-9474-1A3956D46DE8}") = "_Dependencies", "_Dependencies", "{B6CE896A-60DE-4706-8DB1-5DAF195DF707}"
EndProject
Project("{9A19103F-16F7-4668-BE54-9A1E7A4F7556}") = "R5T.Guide", "..\..\R5T.Guide\source\R5T.Guide\R5T.Guide.csproj", "{A4DD62AD-7592-44F9-A8F3-F375C8A28B45}"
EndProject
Project("{9A19103F-16F7-4668-BE54-9A1E7A4F7556}") = "R5T.Philippi", "..\..\R5T.Philippi\source\R5T.Philippi\R5T.Philippi.csproj", "{9C4D5947-8E63-46A1-A69A-6ECCF034E93E}"
EndProject
Project("{9A19103F-16F7-4668-BE54-9A1E7A4F7556}") = "R5T.Sparta.Types", "..\..\R5T.Sparta.Types\source\R5T.Sparta.Types\R5T.Sparta.Types.csproj", "{75D7B6D8-F26E-4CDA-AC7F-CC77A33064AE}"
EndProject
Project("{9A19103F-16F7-4668-BE54-9A1E7A4F7556}") = "R5T.Stagira", "..\..\R5T.Stagira\source\R5T.Stagira\R5T.Stagira.csproj", "{DB9F95EF-A5DC-4D8D-BFC6-A5EBDBF5AA63}"
EndProject
Project("{9A19103F-16F7-4668-BE54-9A1E7A4F7556}") = "R5T.Venetia", "..\..\R5T.Venetia\source\R5T.Venetia\R5T.Venetia.csproj", "{35FFAC79-7407-4A38-8180-71970D9174A9}"
EndProject
Global
	GlobalSection(SolutionConfigurationPlatforms) = preSolution
		Debug|Any CPU = Debug|Any CPU
		Debug|x64 = Debug|x64
		Debug|x86 = Debug|x86
		Release|Any CPU = Release|Any CPU
		Release|x64 = Release|x64
		Release|x86 = Release|x86
	EndGlobalSection
	GlobalSection(ProjectConfigurationPlatforms) = postSolution
		{00000545-C9AE-469A-97B0-42FAA2AADAEC}.Debug|Any CPU.ActiveCfg = Debug|Any CPU
		{00000545-C9AE-469A-97B0-42FAA2AADAEC}.Debug|Any CPU.Build.0 = Debug|Any CPU
		{00000545-C9AE-469A-97B0-42FAA2AADAEC}.Debug|x64.ActiveCfg = Debug|Any CPU
		{00000545-C9AE-469A-97B0-42FAA2AADAEC}.Debug|x64.Build.0 = Debug|Any CPU
		{00000545-C9AE-469A-97B0-42FAA2AADAEC}.Debug|x86.ActiveCfg = Debug|Any CPU
		{00000545-C9AE-469A-97B0-42FAA2AADAEC}.Debug|x86.Build.0 = Debug|Any CPU
		{00000545-C9AE-469A-97B0-42FAA2AADAEC}.Release|Any CPU.ActiveCfg = Release|Any CPU
		{00000545-C9AE-469A-97B0-42FAA2AADAEC}.Release|Any CPU.Build.0 = Release|Any CPU
		{00000545-C9AE-469A-97B0-42FAA2AADAEC}.Release|x64.ActiveCfg = Release|Any CPU
		{00000545-C9AE-469A-97B0-42FAA2AADAEC}.Release|x64.Build.0 = Release|Any CPU
		{00000545-C9AE-469A-97B0-42FAA2AADAEC}.Release|x86.ActiveCfg = Release|Any CPU
		{00000545-C9AE-469A-97B0-42FAA2AADAEC}.Release|x86.Build.0 = Release|Any CPU
		{B7E8FB9A-3BA1-421C-AB4D-5704A0A537DC}.Debug|Any CPU.ActiveCfg = Debug|Any CPU
		{B7E8FB9A-3BA1-421C-AB4D-5704A0A537DC}.Debug|Any CPU.Build.0 = Debug|Any CPU
		{B7E8FB9A-3BA1-421C-AB4D-5704A0A537DC}.Debug|x64.ActiveCfg = Debug|Any CPU
		{B7E8FB9A-3BA1-421C-AB4D-5704A0A537DC}.Debug|x64.Build.0 = Debug|Any CPU
		{B7E8FB9A-3BA1-421C-AB4D-5704A0A537DC}.Debug|x86.ActiveCfg = Debug|Any CPU
		{B7E8FB9A-3BA1-421C-AB4D-5704A0A537DC}.Debug|x86.Build.0 = Debug|Any CPU
		{B7E8FB9A-3BA1-421C-AB4D-5704A0A537DC}.Release|Any CPU.ActiveCfg = Release|Any CPU
		{B7E8FB9A-3BA1-421C-AB4D-5704A0A537DC}.Release|Any CPU.Build.0 = Release|Any CPU
		{B7E8FB9A-3BA1-421C-AB4D-5704A0A537DC}.Release|x64.ActiveCfg = Release|Any CPU
		{B7E8FB9A-3BA1-421C-AB4D-5704A0A537DC}.Release|x64.Build.0 = Release|Any CPU
		{B7E8FB9A-3BA1-421C-AB4D-5704A0A537DC}.Release|x86.ActiveCfg = Release|Any CPU
		{B7E8FB9A-3BA1-421C-AB4D-5704A0A537DC}.Release|x86.Build.0 = Release|Any CPU
		{0C4DDA81-0DF4-4C29-B32E-92E2014A54E1}.Debug|Any CPU.ActiveCfg = Debug|Any CPU
		{0C4DDA81-0DF4-4C29-B32E-92E2014A54E1}.Debug|Any CPU.Build.0 = Debug|Any CPU
		{0C4DDA81-0DF4-4C29-B32E-92E2014A54E1}.Debug|x64.ActiveCfg = Debug|Any CPU
		{0C4DDA81-0DF4-4C29-B32E-92E2014A54E1}.Debug|x64.Build.0 = Debug|Any CPU
		{0C4DDA81-0DF4-4C29-B32E-92E2014A54E1}.Debug|x86.ActiveCfg = Debug|Any CPU
		{0C4DDA81-0DF4-4C29-B32E-92E2014A54E1}.Debug|x86.Build.0 = Debug|Any CPU
		{0C4DDA81-0DF4-4C29-B32E-92E2014A54E1}.Release|Any CPU.ActiveCfg = Release|Any CPU
		{0C4DDA81-0DF4-4C29-B32E-92E2014A54E1}.Release|Any CPU.Build.0 = Release|Any CPU
		{0C4DDA81-0DF4-4C29-B32E-92E2014A54E1}.Release|x64.ActiveCfg = Release|Any CPU
		{0C4DDA81-0DF4-4C29-B32E-92E2014A54E1}.Release|x64.Build.0 = Release|Any CPU
		{0C4DDA81-0DF4-4C29-B32E-92E2014A54E1}.Release|x86.ActiveCfg = Release|Any CPU
		{0C4DDA81-0DF4-4C29-B32E-92E2014A54E1}.Release|x86.Build.0 = Release|Any CPU
		{DD87BC8C-2F0E-46B4-A997-49C1276613F3}.Debug|Any CPU.ActiveCfg = Debug|Any CPU
		{DD87BC8C-2F0E-46B4-A997-49C1276613F3}.Debug|Any CPU.Build.0 = Debug|Any CPU
		{DD87BC8C-2F0E-46B4-A997-49C1276613F3}.Debug|x64.ActiveCfg = Debug|Any CPU
		{DD87BC8C-2F0E-46B4-A997-49C1276613F3}.Debug|x64.Build.0 = Debug|Any CPU
		{DD87BC8C-2F0E-46B4-A997-49C1276613F3}.Debug|x86.ActiveCfg = Debug|Any CPU
		{DD87BC8C-2F0E-46B4-A997-49C1276613F3}.Debug|x86.Build.0 = Debug|Any CPU
		{DD87BC8C-2F0E-46B4-A997-49C1276613F3}.Release|Any CPU.ActiveCfg = Release|Any CPU
		{DD87BC8C-2F0E-46B4-A997-49C1276613F3}.Release|Any CPU.Build.0 = Release|Any CPU
		{DD87BC8C-2F0E-46B4-A997-49C1276613F3}.Release|x64.ActiveCfg = Release|Any CPU
		{DD87BC8C-2F0E-46B4-A997-49C1276613F3}.Release|x64.Build.0 = Release|Any CPU
		{DD87BC8C-2F0E-46B4-A997-49C1276613F3}.Release|x86.ActiveCfg = Release|Any CPU
		{DD87BC8C-2F0E-46B4-A997-49C1276613F3}.Release|x86.Build.0 = Release|Any CPU
		{A4DD62AD-7592-44F9-A8F3-F375C8A28B45}.Debug|Any CPU.ActiveCfg = Debug|Any CPU
		{A4DD62AD-7592-44F9-A8F3-F375C8A28B45}.Debug|Any CPU.Build.0 = Debug|Any CPU
		{A4DD62AD-7592-44F9-A8F3-F375C8A28B45}.Debug|x64.ActiveCfg = Debug|Any CPU
		{A4DD62AD-7592-44F9-A8F3-F375C8A28B45}.Debug|x64.Build.0 = Debug|Any CPU
		{A4DD62AD-7592-44F9-A8F3-F375C8A28B45}.Debug|x86.ActiveCfg = Debug|Any CPU
		{A4DD62AD-7592-44F9-A8F3-F375C8A28B45}.Debug|x86.Build.0 = Debug|Any CPU
		{A4DD62AD-7592-44F9-A8F3-F375C8A28B45}.Release|Any CPU.ActiveCfg = Release|Any CPU
		{A4DD62AD-7592-44F9-A8F3-F375C8A28B45}.Release|Any CPU.Build.0 = Release|Any CPU
		{A4DD62AD-7592-44F9-A8F3-F375C8A28B45}.Release|x64.ActiveCfg = Release|Any CPU
		{A4DD62AD-7592-44F9-A8F3-F375C8A28B45}.Release|x64.Build.0 = Release|Any CPU
		{A4DD62AD-7592-44F9-A8F3-F375C8A28B45}.Release|x86.ActiveCfg = Release|Any CPU
		{A4DD62AD-7592-44F9-A8F3-F375C8A28B45}.Release|x86.Build.0 = Release|Any CPU
		{9C4D5947-8E63-46A1-A69A-6ECCF034E93E}.Debug|Any CPU.ActiveCfg = Debug|Any CPU
		{9C4D5947-8E63-46A1-A69A-6ECCF034E93E}.Debug|Any CPU.Build.0 = Debug|Any CPU
		{9C4D5947-8E63-46A1-A69A-6ECCF034E93E}.Debug|x64.ActiveCfg = Debug|Any CPU
		{9C4D5947-8E63-46A1-A69A-6ECCF034E93E}.Debug|x64.Build.0 = Debug|Any CPU
		{9C4D5947-8E63-46A1-A69A-6ECCF034E93E}.Debug|x86.ActiveCfg = Debug|Any CPU
		{9C4D5947-8E63-46A1-A69A-6ECCF034E93E}.Debug|x86.Build.0 = Debug|Any CPU
		{9C4D5947-8E63-46A1-A69A-6ECCF034E93E}.Release|Any CPU.ActiveCfg = Release|Any CPU
		{9C4D5947-8E63-46A1-A69A-6ECCF034E93E}.Release|Any CPU.Build.0 = Release|Any CPU
		{9C4D5947-8E63-46A1-A69A-6ECCF034E93E}.Release|x64.ActiveCfg = Release|Any CPU
		{9C4D5947-8E63-46A1-A69A-6ECCF034E93E}.Release|x64.Build.0 = Release|Any CPU
		{9C4D5947-8E63-46A1-A69A-6ECCF034E93E}.Release|x86.ActiveCfg = Release|Any CPU
		{9C4D5947-8E63-46A1-A69A-6ECCF034E93E}.Release|x86.Build.0 = Release|Any CPU
		{75D7B6D8-F26E-4CDA-AC7F-CC77A33064AE}.Debug|Any CPU.ActiveCfg = Debug|Any CPU
		{75D7B6D8-F26E-4CDA-AC7F-CC77A33064AE}.Debug|Any CPU.Build.0 = Debug|Any CPU
		{75D7B6D8-F26E-4CDA-AC7F-CC77A33064AE}.Debug|x64.ActiveCfg = Debug|Any CPU
		{75D7B6D8-F26E-4CDA-AC7F-CC77A33064AE}.Debug|x64.Build.0 = Debug|Any CPU
		{75D7B6D8-F26E-4CDA-AC7F-CC77A33064AE}.Debug|x86.ActiveCfg = Debug|Any CPU
		{75D7B6D8-F26E-4CDA-AC7F-CC77A33064AE}.Debug|x86.Build.0 = Debug|Any CPU
		{75D7B6D8-F26E-4CDA-AC7F-CC77A33064AE}.Release|Any CPU.ActiveCfg = Release|Any CPU
		{75D7B6D8-F26E-4CDA-AC7F-CC77A33064AE}.Release|Any CPU.Build.0 = Release|Any CPU
		{75D7B6D8-F26E-4CDA-AC7F-CC77A33064AE}.Release|x64.ActiveCfg = Release|Any CPU
		{75D7B6D8-F26E-4CDA-AC7F-CC77A33064AE}.Release|x64.Build.0 = Release|Any CPU
		{75D7B6D8-F26E-4CDA-AC7F-CC77A33064AE}.Release|x86.ActiveCfg = Release|Any CPU
		{75D7B6D8-F26E-4CDA-AC7F-CC77A33064AE}.Release|x86.Build.0 = Release|Any CPU
		{DB9F95EF-A5DC-4D8D-BFC6-A5EBDBF5AA63}.Debug|Any CPU.ActiveCfg = Debug|Any CPU
		{DB9F95EF-A5DC-4D8D-BFC6-A5EBDBF5AA63}.Debug|Any CPU.Build.0 = Debug|Any CPU
		{DB9F95EF-A5DC-4D8D-BFC6-A5EBDBF5AA63}.Debug|x64.ActiveCfg = Debug|Any CPU
		{DB9F95EF-A5DC-4D8D-BFC6-A5EBDBF5AA63}.Debug|x64.Build.0 = Debug|Any CPU
		{DB9F95EF-A5DC-4D8D-BFC6-A5EBDBF5AA63}.Debug|x86.ActiveCfg = Debug|Any CPU
		{DB9F95EF-A5DC-4D8D-BFC6-A5EBDBF5AA63}.Debug|x86.Build.0 = Debug|Any CPU
		{DB9F95EF-A5DC-4D8D-BFC6-A5EBDBF5AA63}.Release|Any CPU.ActiveCfg = Release|Any CPU
		{DB9F95EF-A5DC-4D8D-BFC6-A5EBDBF5AA63}.Release|Any CPU.Build.0 = Release|Any CPU
		{DB9F95EF-A5DC-4D8D-BFC6-A5EBDBF5AA63}.Release|x64.ActiveCfg = Release|Any CPU
		{DB9F95EF-A5DC-4D8D-BFC6-A5EBDBF5AA63}.Release|x64.Build.0 = Release|Any CPU
		{DB9F95EF-A5DC-4D8D-BFC6-A5EBDBF5AA63}.Release|x86.ActiveCfg = Release|Any CPU
		{DB9F95EF-A5DC-4D8D-BFC6-A5EBDBF5AA63}.Release|x86.Build.0 = Release|Any CPU
		{35FFAC79-7407-4A38-8180-71970D9174A9}.Debug|Any CPU.ActiveCfg = Debug|Any CPU
		{35FFAC79-7407-4A38-8180-71970D9174A9}.Debug|Any CPU.Build.0 = Debug|Any CPU
		{35FFAC79-7407-4A38-8180-71970D9174A9}.Debug|x64.ActiveCfg = Debug|Any CPU
		{35FFAC79-7407-4A38-8180-71970D9174A9}.Debug|x64.Build.0 = Debug|Any CPU
		{35FFAC79-7407-4A38-8180-71970D9174A9}.Debug|x86.ActiveCfg = Debug|Any CPU
		{35FFAC79-7407-4A38-8180-71970D9174A9}.Debug|x86.Build.0 = Debug|Any CPU
		{35FFAC79-7407-4A38-8180-71970D9174A9}.Release|Any CPU.ActiveCfg = Release|Any CPU
		{35FFAC79-7407-4A38-8180-71970D9174A9}.Release|Any CPU.Build.0 = Release|Any CPU
		{35FFAC79-7407-4A38-8180-71970D9174A9}.Release|x64.ActiveCfg = Release|Any CPU
		{35FFAC79-7407-4A38-8180-71970D9174A9}.Release|x64.Build.0 = Release|Any CPU
		{35FFAC79-7407-4A38-8180-71970D9174A9}.Release|x86.ActiveCfg = Release|Any CPU
		{35FFAC79-7407-4A38-8180-71970D9174A9}.Release|x86.Build.0 = Release|Any CPU
	EndGlobalSection
	GlobalSection(SolutionProperties) = preSolution
		HideSolutionNode = FALSE
	EndGlobalSection
	GlobalSection(NestedProjects) = preSolution
		{DD87BC8C-2F0E-46B4-A997-49C1276613F3} = {B6CE896A-60DE-4706-8DB1-5DAF195DF707}
		{A4DD62AD-7592-44F9-A8F3-F375C8A28B45} = {B6CE896A-60DE-4706-8DB1-5DAF195DF707}
		{9C4D5947-8E63-46A1-A69A-6ECCF034E93E} = {B6CE896A-60DE-4706-8DB1-5DAF195DF707}
		{75D7B6D8-F26E-4CDA-AC7F-CC77A33064AE} = {B6CE896A-60DE-4706-8DB1-5DAF195DF707}
		{DB9F95EF-A5DC-4D8D-BFC6-A5EBDBF5AA63} = {B6CE896A-60DE-4706-8DB1-5DAF195DF707}
		{35FFAC79-7407-4A38-8180-71970D9174A9} = {B6CE896A-60DE-4706-8DB1-5DAF195DF707}
	EndGlobalSection
	GlobalSection(ExtensibilityGlobals) = postSolution
		SolutionGuid = {7EDA8A94-82FF-44AE-AE93-1C7F00A3ECD4}
	EndGlobalSection
EndGlobal
